
Microsoft Visual Studio Solution File, Format Version 12.00
# Visual Studio 14
VisualStudioVersion = 14.0.23107.0
MinimumVisualStudioVersion = 10.0.40219.1
Project("{FAE04EC0-301F-11D3-BF4B-00C04F79EFBC}") = "Nidan", "Nidan\Nidan.csproj", "{60779A66-3587-4E3A-B423-92D7A7E04379}"
EndProject
Project("{FAE04EC0-301F-11D3-BF4B-00C04F79EFBC}") = "Nidan.Data", "Nidan.Data\Nidan.Data.csproj", "{BBAF06D0-C7E6-454F-96C3-801AD6076243}"
EndProject
Project("{FAE04EC0-301F-11D3-BF4B-00C04F79EFBC}") = "Nidan.Entity", "Nidan.Entity\Nidan.Entity.csproj", "{4829285D-04B9-46DD-A961-5B90E7200473}"
EndProject
Project("{FAE04EC0-301F-11D3-BF4B-00C04F79EFBC}") = "Nidan.Business", "Nidan.Business\Nidan.Business.csproj", "{4D8119AD-3F77-4EF7-BCED-C1AAF638E2EC}"
EndProject
Project("{2150E333-8FDC-42A3-9474-1A3956D46DE8}") = "Solution Items", "Solution Items", "{50FB289B-3616-4E8C-BAAD-A7B6D723D5BA}"
	ProjectSection(SolutionItems) = preProject
		.vs\config\applicationhost.config = .vs\config\applicationhost.config
	EndProjectSection
EndProject
Project("{FAE04EC0-301F-11D3-BF4B-00C04F79EFBC}") = "Nidan.Document", "Nidan.Document\Nidan.Document.csproj", "{7A42D2FD-4C04-4470-9FE2-377FD84FB169}"
EndProject
Global
	GlobalSection(SolutionConfigurationPlatforms) = preSolution
		Debug|Any CPU = Debug|Any CPU
		Release|Any CPU = Release|Any CPU
		UAT|Any CPU = UAT|Any CPU
	EndGlobalSection
	GlobalSection(ProjectConfigurationPlatforms) = postSolution
		{60779A66-3587-4E3A-B423-92D7A7E04379}.Debug|Any CPU.ActiveCfg = Debug|Any CPU
		{60779A66-3587-4E3A-B423-92D7A7E04379}.Debug|Any CPU.Build.0 = Debug|Any CPU
		{60779A66-3587-4E3A-B423-92D7A7E04379}.Release|Any CPU.ActiveCfg = Release|Any CPU
		{60779A66-3587-4E3A-B423-92D7A7E04379}.Release|Any CPU.Build.0 = Release|Any CPU
		{60779A66-3587-4E3A-B423-92D7A7E04379}.UAT|Any CPU.ActiveCfg = UAT|Any CPU
		{60779A66-3587-4E3A-B423-92D7A7E04379}.UAT|Any CPU.Build.0 = UAT|Any CPU
		{BBAF06D0-C7E6-454F-96C3-801AD6076243}.Debug|Any CPU.ActiveCfg = Debug|Any CPU
		{BBAF06D0-C7E6-454F-96C3-801AD6076243}.Debug|Any CPU.Build.0 = Debug|Any CPU
		{BBAF06D0-C7E6-454F-96C3-801AD6076243}.Release|Any CPU.ActiveCfg = Release|Any CPU
		{BBAF06D0-C7E6-454F-96C3-801AD6076243}.Release|Any CPU.Build.0 = Release|Any CPU
		{BBAF06D0-C7E6-454F-96C3-801AD6076243}.UAT|Any CPU.ActiveCfg = Release|Any CPU
		{BBAF06D0-C7E6-454F-96C3-801AD6076243}.UAT|Any CPU.Build.0 = Release|Any CPU
		{4829285D-04B9-46DD-A961-5B90E7200473}.Debug|Any CPU.ActiveCfg = Debug|Any CPU
		{4829285D-04B9-46DD-A961-5B90E7200473}.Debug|Any CPU.Build.0 = Debug|Any CPU
		{4829285D-04B9-46DD-A961-5B90E7200473}.Release|Any CPU.ActiveCfg = Release|Any CPU
		{4829285D-04B9-46DD-A961-5B90E7200473}.Release|Any CPU.Build.0 = Release|Any CPU
		{4829285D-04B9-46DD-A961-5B90E7200473}.UAT|Any CPU.ActiveCfg = Release|Any CPU
		{4829285D-04B9-46DD-A961-5B90E7200473}.UAT|Any CPU.Build.0 = Release|Any CPU
		{4D8119AD-3F77-4EF7-BCED-C1AAF638E2EC}.Debug|Any CPU.ActiveCfg = Debug|Any CPU
		{4D8119AD-3F77-4EF7-BCED-C1AAF638E2EC}.Debug|Any CPU.Build.0 = Debug|Any CPU
		{4D8119AD-3F77-4EF7-BCED-C1AAF638E2EC}.Release|Any CPU.ActiveCfg = Release|Any CPU
		{4D8119AD-3F77-4EF7-BCED-C1AAF638E2EC}.Release|Any CPU.Build.0 = Release|Any CPU
		{4D8119AD-3F77-4EF7-BCED-C1AAF638E2EC}.UAT|Any CPU.ActiveCfg = Release|Any CPU
		{4D8119AD-3F77-4EF7-BCED-C1AAF638E2EC}.UAT|Any CPU.Build.0 = Release|Any CPU
		{7A42D2FD-4C04-4470-9FE2-377FD84FB169}.Debug|Any CPU.ActiveCfg = Debug|Any CPU
		{7A42D2FD-4C04-4470-9FE2-377FD84FB169}.Debug|Any CPU.Build.0 = Debug|Any CPU
		{7A42D2FD-4C04-4470-9FE2-377FD84FB169}.Release|Any CPU.ActiveCfg = Release|Any CPU
		{7A42D2FD-4C04-4470-9FE2-377FD84FB169}.Release|Any CPU.Build.0 = Release|Any CPU
		{7A42D2FD-4C04-4470-9FE2-377FD84FB169}.UAT|Any CPU.ActiveCfg = Release|Any CPU
		{7A42D2FD-4C04-4470-9FE2-377FD84FB169}.UAT|Any CPU.Build.0 = Release|Any CPU
	EndGlobalSection
	GlobalSection(SolutionProperties) = preSolution
		HideSolutionNode = FALSE
	EndGlobalSection
EndGlobal
